
Microsoft Visual Studio Solution File, Format Version 12.00
# Visual Studio Version 16
VisualStudioVersion = 16.0.29102.190
MinimumVisualStudioVersion = 10.0.40219.1
Project("{FAE04EC0-301F-11D3-BF4B-00C04F79EFBC}") = "MvcMovie", "MvcMovie.csproj", "{E43F99DF-94F3-44FA-BAF2-07852E65FCF8}"
EndProject
Global
	GlobalSection(SolutionConfigurationPlatforms) = preSolution
		Debug|Any CPU = Debug|Any CPU
		Release|Any CPU = Release|Any CPU
	EndGlobalSection
	GlobalSection(ProjectConfigurationPlatforms) = postSolution
		{E43F99DF-94F3-44FA-BAF2-07852E65FCF8}.Debug|Any CPU.ActiveCfg = Debug|Any CPU
		{E43F99DF-94F3-44FA-BAF2-07852E65FCF8}.Debug|Any CPU.Build.0 = Debug|Any CPU
		{E43F99DF-94F3-44FA-BAF2-07852E65FCF8}.Release|Any CPU.ActiveCfg = Release|Any CPU
		{E43F99DF-94F3-44FA-BAF2-07852E65FCF8}.Release|Any CPU.Build.0 = Release|Any CPU
	EndGlobalSection
	GlobalSection(SolutionProperties) = preSolution
		HideSolutionNode = FALSE
	EndGlobalSection
	GlobalSection(ExtensibilityGlobals) = postSolution
		SolutionGuid = {18C13D27-7290-448A-9C0C-8A9EA3F83372}
	EndGlobalSection
EndGlobal
